// !$*UTF8*$!
{
	archiveVersion = 1;
	classes = {
	};
	objectVersion = 51;
	objects = {

/* Begin PBXBuildFile section */
		63077D3D25F462DB00A53DE6 /* StocksViewController.swift in Sources */ = {isa = PBXBuildFile; fileRef = 63077D3C25F462DB00A53DE6 /* StocksViewController.swift */; };
		6310577E25DCC0BC00D2EF96 /* LoginViewController.swift in Sources */ = {isa = PBXBuildFile; fileRef = 6310577D25DCC0BC00D2EF96 /* LoginViewController.swift */; };
		6345E95925FFE10200839A27 /* Decision.swift in Sources */ = {isa = PBXBuildFile; fileRef = 6345E95825FFE10200839A27 /* Decision.swift */; };
		63CAA81925E615A800BC3AEE /* User.swift in Sources */ = {isa = PBXBuildFile; fileRef = 63CAA81825E615A800BC3AEE /* User.swift */; };
		63CCBFD025D9DC9F00AA3A36 /* AppDelegate.swift in Sources */ = {isa = PBXBuildFile; fileRef = 63CCBFCF25D9DC9F00AA3A36 /* AppDelegate.swift */; };
		63CCBFD225D9DC9F00AA3A36 /* SceneDelegate.swift in Sources */ = {isa = PBXBuildFile; fileRef = 63CCBFD125D9DC9F00AA3A36 /* SceneDelegate.swift */; };
		63CCBFD725D9DC9F00AA3A36 /* Main.storyboard in Resources */ = {isa = PBXBuildFile; fileRef = 63CCBFD525D9DC9F00AA3A36 /* Main.storyboard */; };
		63CCBFD925D9DCA300AA3A36 /* Assets.xcassets in Resources */ = {isa = PBXBuildFile; fileRef = 63CCBFD825D9DCA300AA3A36 /* Assets.xcassets */; };
		63CCBFDC25D9DCA300AA3A36 /* LaunchScreen.storyboard in Resources */ = {isa = PBXBuildFile; fileRef = 63CCBFDA25D9DCA300AA3A36 /* LaunchScreen.storyboard */; };
		63CCBFE625D9E08B00AA3A36 /* GoogleService-Info.plist in Resources */ = {isa = PBXBuildFile; fileRef = 63CCBFE525D9E08B00AA3A36 /* GoogleService-Info.plist */; };
		63DECA7525F9157D00FEFEE9 /* PopUpViewController.swift in Sources */ = {isa = PBXBuildFile; fileRef = 63DECA7425F9157D00FEFEE9 /* PopUpViewController.swift */; };
		63FEFCAA25F6FB50008A0BE4 /* UpgradeCell.swift in Sources */ = {isa = PBXBuildFile; fileRef = 63FEFCA825F6FB50008A0BE4 /* UpgradeCell.swift */; };
		63FEFCAB25F6FB50008A0BE4 /* UpgradeCell.xib in Resources */ = {isa = PBXBuildFile; fileRef = 63FEFCA925F6FB50008A0BE4 /* UpgradeCell.xib */; };
		63FEFCAF25F6FCD5008A0BE4 /* StockCell.swift in Sources */ = {isa = PBXBuildFile; fileRef = 63FEFCAD25F6FCD5008A0BE4 /* StockCell.swift */; };
		63FEFCB025F6FCD5008A0BE4 /* StockCell.xib in Resources */ = {isa = PBXBuildFile; fileRef = 63FEFCAE25F6FCD5008A0BE4 /* StockCell.xib */; };
		A23AC00CA70BBBD5AEE4B07C /* Pods_CashCow.framework in Frameworks */ = {isa = PBXBuildFile; fileRef = 6BF537A977EF60E5E1388CCB /* Pods_CashCow.framework */; };
		C91B8AD525FFF34F0028F67C /* InfoPopupViewController.swift in Sources */ = {isa = PBXBuildFile; fileRef = C91B8AD425FFF34F0028F67C /* InfoPopupViewController.swift */; };
		C978EFDF25E31AC10015530B /* UpgradesViewController.swift in Sources */ = {isa = PBXBuildFile; fileRef = C978EFDE25E31AC10015530B /* UpgradesViewController.swift */; };
		C978EFE225E31B6D0015530B /* ProfileViewController.swift in Sources */ = {isa = PBXBuildFile; fileRef = C978EFE125E31B6D0015530B /* ProfileViewController.swift */; };
		C97CE5A125DD9153002CBCDE /* HomeViewController.swift in Sources */ = {isa = PBXBuildFile; fileRef = C97CE5A025DD9153002CBCDE /* HomeViewController.swift */; };
		C97CE5A525DD981F002CBCDE /* ClickerViewController.swift in Sources */ = {isa = PBXBuildFile; fileRef = C97CE5A425DD981F002CBCDE /* ClickerViewController.swift */; };
		E0843CAC25DC74960015E5B5 /* ProximaNovaAltBold.otf in Resources */ = {isa = PBXBuildFile; fileRef = E0843CA425DC74880015E5B5 /* ProximaNovaAltBold.otf */; };
		E0843CAD25DC74960015E5B5 /* ProximaNova-Regular.otf in Resources */ = {isa = PBXBuildFile; fileRef = E0843CA325DC74870015E5B5 /* ProximaNova-Regular.otf */; };
		E0843CAE25DC74960015E5B5 /* ProximaNovaAltLight.otf in Resources */ = {isa = PBXBuildFile; fileRef = E0843CA925DC74890015E5B5 /* ProximaNovaAltLight.otf */; };
		E0843CAF25DC74960015E5B5 /* ProximaNovaAltThin.otf in Resources */ = {isa = PBXBuildFile; fileRef = E0843CAA25DC74890015E5B5 /* ProximaNovaAltThin.otf */; };
		E0843CB025DC74960015E5B5 /* ProximaNovaExtrabold.otf in Resources */ = {isa = PBXBuildFile; fileRef = E0843CA625DC74880015E5B5 /* ProximaNovaExtrabold.otf */; };
		E0843CB125DC74960015E5B5 /* ProximaNovaBlack.otf in Resources */ = {isa = PBXBuildFile; fileRef = E0843CA825DC74890015E5B5 /* ProximaNovaBlack.otf */; };
		E0843CB225DC74960015E5B5 /* ProximaNovaBold.otf in Resources */ = {isa = PBXBuildFile; fileRef = E0843CA725DC74890015E5B5 /* ProximaNovaBold.otf */; };
		E0843CB325DC74960015E5B5 /* ProximaNovaThin.otf in Resources */ = {isa = PBXBuildFile; fileRef = E0843CA525DC74880015E5B5 /* ProximaNovaThin.otf */; };
		E0A9C1B425E5B688006367EC /* CashMooooney.swift in Sources */ = {isa = PBXBuildFile; fileRef = E0A9C1B325E5B688006367EC /* CashMooooney.swift */; };
		E0CF7D9925EE49DA00EF1D1C /* CoinAnims.swift in Sources */ = {isa = PBXBuildFile; fileRef = E0CF7D9825EE49DA00EF1D1C /* CoinAnims.swift */; };
		E559C3C125DDF6470001CB88 /* GradientOrientation.swift in Sources */ = {isa = PBXBuildFile; fileRef = E559C3C025DDF6470001CB88 /* GradientOrientation.swift */; };
		E559C3C425DDF6850001CB88 /* Extensions.swift in Sources */ = {isa = PBXBuildFile; fileRef = E559C3C325DDF6850001CB88 /* Extensions.swift */; };
		E559C3C725DDF7250001CB88 /* GradientProgressView.swift in Sources */ = {isa = PBXBuildFile; fileRef = E559C3C625DDF7250001CB88 /* GradientProgressView.swift */; };
		E559C40D25ED98BD0001CB88 /* Upgrades.swift in Sources */ = {isa = PBXBuildFile; fileRef = E559C40C25ED98BC0001CB88 /* Upgrades.swift */; };
/* End PBXBuildFile section */

/* Begin PBXFileReference section */
		63077D3C25F462DB00A53DE6 /* StocksViewController.swift */ = {isa = PBXFileReference; lastKnownFileType = sourcecode.swift; path = StocksViewController.swift; sourceTree = "<group>"; };
		6310577D25DCC0BC00D2EF96 /* LoginViewController.swift */ = {isa = PBXFileReference; fileEncoding = 4; lastKnownFileType = sourcecode.swift; path = LoginViewController.swift; sourceTree = "<group>"; };
		6345E95825FFE10200839A27 /* Decision.swift */ = {isa = PBXFileReference; fileEncoding = 4; lastKnownFileType = sourcecode.swift; path = Decision.swift; sourceTree = "<group>"; };
		63CAA81825E615A800BC3AEE /* User.swift */ = {isa = PBXFileReference; lastKnownFileType = sourcecode.swift; path = User.swift; sourceTree = "<group>"; };
		63CCBFCC25D9DC9F00AA3A36 /* CashCow.app */ = {isa = PBXFileReference; explicitFileType = wrapper.application; includeInIndex = 0; path = CashCow.app; sourceTree = BUILT_PRODUCTS_DIR; };
		63CCBFCF25D9DC9F00AA3A36 /* AppDelegate.swift */ = {isa = PBXFileReference; lastKnownFileType = sourcecode.swift; path = AppDelegate.swift; sourceTree = "<group>"; };
		63CCBFD125D9DC9F00AA3A36 /* SceneDelegate.swift */ = {isa = PBXFileReference; lastKnownFileType = sourcecode.swift; path = SceneDelegate.swift; sourceTree = "<group>"; };
		63CCBFD625D9DC9F00AA3A36 /* Base */ = {isa = PBXFileReference; lastKnownFileType = file.storyboard; name = Base; path = Base.lproj/Main.storyboard; sourceTree = "<group>"; };
		63CCBFD825D9DCA300AA3A36 /* Assets.xcassets */ = {isa = PBXFileReference; lastKnownFileType = folder.assetcatalog; path = Assets.xcassets; sourceTree = "<group>"; };
		63CCBFDB25D9DCA300AA3A36 /* Base */ = {isa = PBXFileReference; lastKnownFileType = file.storyboard; name = Base; path = Base.lproj/LaunchScreen.storyboard; sourceTree = "<group>"; };
		63CCBFDD25D9DCA300AA3A36 /* Info.plist */ = {isa = PBXFileReference; lastKnownFileType = text.plist.xml; path = Info.plist; sourceTree = "<group>"; };
		63CCBFE525D9E08B00AA3A36 /* GoogleService-Info.plist */ = {isa = PBXFileReference; fileEncoding = 4; lastKnownFileType = text.plist.xml; path = "GoogleService-Info.plist"; sourceTree = "<group>"; };
		63DECA7425F9157D00FEFEE9 /* PopUpViewController.swift */ = {isa = PBXFileReference; lastKnownFileType = sourcecode.swift; path = PopUpViewController.swift; sourceTree = "<group>"; };
		63FEFCA825F6FB50008A0BE4 /* UpgradeCell.swift */ = {isa = PBXFileReference; lastKnownFileType = sourcecode.swift; path = UpgradeCell.swift; sourceTree = "<group>"; };
		63FEFCA925F6FB50008A0BE4 /* UpgradeCell.xib */ = {isa = PBXFileReference; lastKnownFileType = file.xib; path = UpgradeCell.xib; sourceTree = "<group>"; };
		63FEFCAD25F6FCD5008A0BE4 /* StockCell.swift */ = {isa = PBXFileReference; lastKnownFileType = sourcecode.swift; path = StockCell.swift; sourceTree = "<group>"; };
		63FEFCAE25F6FCD5008A0BE4 /* StockCell.xib */ = {isa = PBXFileReference; lastKnownFileType = file.xib; path = StockCell.xib; sourceTree = "<group>"; };
		6BF537A977EF60E5E1388CCB /* Pods_CashCow.framework */ = {isa = PBXFileReference; explicitFileType = wrapper.framework; includeInIndex = 0; path = Pods_CashCow.framework; sourceTree = BUILT_PRODUCTS_DIR; };
		A129A5F6D0882622A726EAC5 /* Pods-CashCow.release.xcconfig */ = {isa = PBXFileReference; includeInIndex = 1; lastKnownFileType = text.xcconfig; name = "Pods-CashCow.release.xcconfig"; path = "Target Support Files/Pods-CashCow/Pods-CashCow.release.xcconfig"; sourceTree = "<group>"; };
		A72387558186A579001E9A56 /* Pods-CashCow.debug.xcconfig */ = {isa = PBXFileReference; includeInIndex = 1; lastKnownFileType = text.xcconfig; name = "Pods-CashCow.debug.xcconfig"; path = "Target Support Files/Pods-CashCow/Pods-CashCow.debug.xcconfig"; sourceTree = "<group>"; };
		C91B8AD425FFF34F0028F67C /* InfoPopupViewController.swift */ = {isa = PBXFileReference; lastKnownFileType = sourcecode.swift; path = InfoPopupViewController.swift; sourceTree = "<group>"; };
		C978EFDE25E31AC10015530B /* UpgradesViewController.swift */ = {isa = PBXFileReference; lastKnownFileType = sourcecode.swift; path = UpgradesViewController.swift; sourceTree = "<group>"; };
		C978EFE125E31B6D0015530B /* ProfileViewController.swift */ = {isa = PBXFileReference; lastKnownFileType = sourcecode.swift; path = ProfileViewController.swift; sourceTree = "<group>"; };
		C97CE5A025DD9153002CBCDE /* HomeViewController.swift */ = {isa = PBXFileReference; lastKnownFileType = sourcecode.swift; path = HomeViewController.swift; sourceTree = "<group>"; };
		C97CE5A425DD981F002CBCDE /* ClickerViewController.swift */ = {isa = PBXFileReference; lastKnownFileType = sourcecode.swift; path = ClickerViewController.swift; sourceTree = "<group>"; };
		E0843CA325DC74870015E5B5 /* ProximaNova-Regular.otf */ = {isa = PBXFileReference; lastKnownFileType = file; path = "ProximaNova-Regular.otf"; sourceTree = "<group>"; };
		E0843CA425DC74880015E5B5 /* ProximaNovaAltBold.otf */ = {isa = PBXFileReference; lastKnownFileType = file; path = ProximaNovaAltBold.otf; sourceTree = "<group>"; };
		E0843CA525DC74880015E5B5 /* ProximaNovaThin.otf */ = {isa = PBXFileReference; lastKnownFileType = file; path = ProximaNovaThin.otf; sourceTree = "<group>"; };
		E0843CA625DC74880015E5B5 /* ProximaNovaExtrabold.otf */ = {isa = PBXFileReference; lastKnownFileType = file; path = ProximaNovaExtrabold.otf; sourceTree = "<group>"; };
		E0843CA725DC74890015E5B5 /* ProximaNovaBold.otf */ = {isa = PBXFileReference; lastKnownFileType = file; path = ProximaNovaBold.otf; sourceTree = "<group>"; };
		E0843CA825DC74890015E5B5 /* ProximaNovaBlack.otf */ = {isa = PBXFileReference; lastKnownFileType = file; path = ProximaNovaBlack.otf; sourceTree = "<group>"; };
		E0843CA925DC74890015E5B5 /* ProximaNovaAltLight.otf */ = {isa = PBXFileReference; lastKnownFileType = file; path = ProximaNovaAltLight.otf; sourceTree = "<group>"; };
		E0843CAA25DC74890015E5B5 /* ProximaNovaAltThin.otf */ = {isa = PBXFileReference; lastKnownFileType = file; path = ProximaNovaAltThin.otf; sourceTree = "<group>"; };
		E0A9C1B325E5B688006367EC /* CashMooooney.swift */ = {isa = PBXFileReference; lastKnownFileType = sourcecode.swift; path = CashMooooney.swift; sourceTree = "<group>"; };
		E0CF7D9825EE49DA00EF1D1C /* CoinAnims.swift */ = {isa = PBXFileReference; lastKnownFileType = sourcecode.swift; path = CoinAnims.swift; sourceTree = "<group>"; };
		E559C3C025DDF6470001CB88 /* GradientOrientation.swift */ = {isa = PBXFileReference; lastKnownFileType = sourcecode.swift; path = GradientOrientation.swift; sourceTree = "<group>"; };
		E559C3C325DDF6850001CB88 /* Extensions.swift */ = {isa = PBXFileReference; lastKnownFileType = sourcecode.swift; path = Extensions.swift; sourceTree = "<group>"; };
		E559C3C625DDF7250001CB88 /* GradientProgressView.swift */ = {isa = PBXFileReference; lastKnownFileType = sourcecode.swift; path = GradientProgressView.swift; sourceTree = "<group>"; };
		E559C40C25ED98BC0001CB88 /* Upgrades.swift */ = {isa = PBXFileReference; lastKnownFileType = sourcecode.swift; path = Upgrades.swift; sourceTree = "<group>"; };
/* End PBXFileReference section */

/* Begin PBXFrameworksBuildPhase section */
		63CCBFC925D9DC9F00AA3A36 /* Frameworks */ = {
			isa = PBXFrameworksBuildPhase;
			buildActionMask = 2147483647;
			files = (
				A23AC00CA70BBBD5AEE4B07C /* Pods_CashCow.framework in Frameworks */,
			);
			runOnlyForDeploymentPostprocessing = 0;
		};
/* End PBXFrameworksBuildPhase section */

/* Begin PBXGroup section */
		63CAA7E125E5FBE800BC3AEE /* Controllers */ = {
			isa = PBXGroup;
			children = (
				C97CE5A425DD981F002CBCDE /* ClickerViewController.swift */,
				C97CE5A025DD9153002CBCDE /* HomeViewController.swift */,
				6310577D25DCC0BC00D2EF96 /* LoginViewController.swift */,
				C978EFE125E31B6D0015530B /* ProfileViewController.swift */,
				C978EFDE25E31AC10015530B /* UpgradesViewController.swift */,
				63077D3C25F462DB00A53DE6 /* StocksViewController.swift */,
				63DECA7425F9157D00FEFEE9 /* PopUpViewController.swift */,
				C91B8AD425FFF34F0028F67C /* InfoPopupViewController.swift */,
			);
			path = Controllers;
			sourceTree = "<group>";
		};
		63CCBFC325D9DC9F00AA3A36 = {
			isa = PBXGroup;
			children = (
				63CCBFCE25D9DC9F00AA3A36 /* CashCow */,
				63CCBFCD25D9DC9F00AA3A36 /* Products */,
				855C1E22FAD56487FEDBBE2F /* Pods */,
				84CEC243AF409803FD0A7EE2 /* Frameworks */,
			);
			sourceTree = "<group>";
		};
		63CCBFCD25D9DC9F00AA3A36 /* Products */ = {
			isa = PBXGroup;
			children = (
				63CCBFCC25D9DC9F00AA3A36 /* CashCow.app */,
			);
			name = Products;
			sourceTree = "<group>";
		};
		63CCBFCE25D9DC9F00AA3A36 /* CashCow */ = {
			isa = PBXGroup;
			children = (
				E0CF7D9725EE49B600EF1D1C /* Animations */,
				63CAA7E125E5FBE800BC3AEE /* Controllers */,
				E0843C9E25DC73170015E5B5 /* Fonts */,
				63CAA81825E615A800BC3AEE /* User.swift */,
				63FEFCA825F6FB50008A0BE4 /* UpgradeCell.swift */,
				63FEFCA925F6FB50008A0BE4 /* UpgradeCell.xib */,
				63FEFCAD25F6FCD5008A0BE4 /* StockCell.swift */,
				63FEFCAE25F6FCD5008A0BE4 /* StockCell.xib */,
				E0A9C1B325E5B688006367EC /* CashMooooney.swift */,
				E559C40C25ED98BC0001CB88 /* Upgrades.swift */,
				6345E95825FFE10200839A27 /* Decision.swift */,
				63CCBFCF25D9DC9F00AA3A36 /* AppDelegate.swift */,
				E559C3C325DDF6850001CB88 /* Extensions.swift */,
				E559C3C625DDF7250001CB88 /* GradientProgressView.swift */,
				E559C3C025DDF6470001CB88 /* GradientOrientation.swift */,
				63CCBFD125D9DC9F00AA3A36 /* SceneDelegate.swift */,
				63CCBFD525D9DC9F00AA3A36 /* Main.storyboard */,
				63CCBFD825D9DCA300AA3A36 /* Assets.xcassets */,
				63CCBFDA25D9DCA300AA3A36 /* LaunchScreen.storyboard */,
				63CCBFDD25D9DCA300AA3A36 /* Info.plist */,
				63CCBFE525D9E08B00AA3A36 /* GoogleService-Info.plist */,
			);
			path = CashCow;
			sourceTree = "<group>";
		};
		84CEC243AF409803FD0A7EE2 /* Frameworks */ = {
			isa = PBXGroup;
			children = (
				6BF537A977EF60E5E1388CCB /* Pods_CashCow.framework */,
			);
			name = Frameworks;
			sourceTree = "<group>";
		};
		855C1E22FAD56487FEDBBE2F /* Pods */ = {
			isa = PBXGroup;
			children = (
				A72387558186A579001E9A56 /* Pods-CashCow.debug.xcconfig */,
				A129A5F6D0882622A726EAC5 /* Pods-CashCow.release.xcconfig */,
			);
			path = Pods;
			sourceTree = "<group>";
		};
		E0843C9E25DC73170015E5B5 /* Fonts */ = {
			isa = PBXGroup;
			children = (
				E0843CA425DC74880015E5B5 /* ProximaNovaAltBold.otf */,
				E0843CA925DC74890015E5B5 /* ProximaNovaAltLight.otf */,
				E0843CAA25DC74890015E5B5 /* ProximaNovaAltThin.otf */,
				E0843CA825DC74890015E5B5 /* ProximaNovaBlack.otf */,
				E0843CA725DC74890015E5B5 /* ProximaNovaBold.otf */,
				E0843CA625DC74880015E5B5 /* ProximaNovaExtrabold.otf */,
				E0843CA525DC74880015E5B5 /* ProximaNovaThin.otf */,
				E0843CA325DC74870015E5B5 /* ProximaNova-Regular.otf */,
			);
			path = Fonts;
			sourceTree = "<group>";
		};
		E0CF7D9725EE49B600EF1D1C /* Animations */ = {
			isa = PBXGroup;
			children = (
				E0CF7D9825EE49DA00EF1D1C /* CoinAnims.swift */,
			);
			path = Animations;
			sourceTree = "<group>";
		};
/* End PBXGroup section */

/* Begin PBXNativeTarget section */
		63CCBFCB25D9DC9F00AA3A36 /* CashCow */ = {
			isa = PBXNativeTarget;
			buildConfigurationList = 63CCBFE025D9DCA300AA3A36 /* Build configuration list for PBXNativeTarget "CashCow" */;
			buildPhases = (
				6441AA937E0DC92E54C24752 /* [CP] Check Pods Manifest.lock */,
				63CCBFC825D9DC9F00AA3A36 /* Sources */,
				63CCBFC925D9DC9F00AA3A36 /* Frameworks */,
				63CCBFCA25D9DC9F00AA3A36 /* Resources */,
				03456233FD1E4D5529B47963 /* [CP] Embed Pods Frameworks */,
				9220531A4BEBF1B909EE66BB /* [CP] Copy Pods Resources */,
			);
			buildRules = (
			);
			dependencies = (
			);
			name = CashCow;
			productName = CashCow;
			productReference = 63CCBFCC25D9DC9F00AA3A36 /* CashCow.app */;
			productType = "com.apple.product-type.application";
		};
/* End PBXNativeTarget section */

/* Begin PBXProject section */
		63CCBFC425D9DC9F00AA3A36 /* Project object */ = {
			isa = PBXProject;
			attributes = {
				LastSwiftUpdateCheck = 1230;
				LastUpgradeCheck = 1230;
				TargetAttributes = {
					63CCBFCB25D9DC9F00AA3A36 = {
						CreatedOnToolsVersion = 12.3;
					};
				};
			};
			buildConfigurationList = 63CCBFC725D9DC9F00AA3A36 /* Build configuration list for PBXProject "CashCow" */;
			compatibilityVersion = "Xcode 9.3";
			developmentRegion = en;
			hasScannedForEncodings = 0;
			knownRegions = (
				en,
				Base,
			);
			mainGroup = 63CCBFC325D9DC9F00AA3A36;
			productRefGroup = 63CCBFCD25D9DC9F00AA3A36 /* Products */;
			projectDirPath = "";
			projectRoot = "";
			targets = (
				63CCBFCB25D9DC9F00AA3A36 /* CashCow */,
			);
		};
/* End PBXProject section */

/* Begin PBXResourcesBuildPhase section */
		63CCBFCA25D9DC9F00AA3A36 /* Resources */ = {
			isa = PBXResourcesBuildPhase;
			buildActionMask = 2147483647;
			files = (
				E0843CAF25DC74960015E5B5 /* ProximaNovaAltThin.otf in Resources */,
				E0843CB225DC74960015E5B5 /* ProximaNovaBold.otf in Resources */,
				63CCBFDC25D9DCA300AA3A36 /* LaunchScreen.storyboard in Resources */,
				63CCBFE625D9E08B00AA3A36 /* GoogleService-Info.plist in Resources */,
				E0843CAE25DC74960015E5B5 /* ProximaNovaAltLight.otf in Resources */,
				63FEFCAB25F6FB50008A0BE4 /* UpgradeCell.xib in Resources */,
				E0843CB125DC74960015E5B5 /* ProximaNovaBlack.otf in Resources */,
				63CCBFD925D9DCA300AA3A36 /* Assets.xcassets in Resources */,
				63FEFCB025F6FCD5008A0BE4 /* StockCell.xib in Resources */,
				E0843CB325DC74960015E5B5 /* ProximaNovaThin.otf in Resources */,
				63CCBFD725D9DC9F00AA3A36 /* Main.storyboard in Resources */,
				E0843CAC25DC74960015E5B5 /* ProximaNovaAltBold.otf in Resources */,
				E0843CB025DC74960015E5B5 /* ProximaNovaExtrabold.otf in Resources */,
				E0843CAD25DC74960015E5B5 /* ProximaNova-Regular.otf in Resources */,
			);
			runOnlyForDeploymentPostprocessing = 0;
		};
/* End PBXResourcesBuildPhase section */

/* Begin PBXShellScriptBuildPhase section */
		03456233FD1E4D5529B47963 /* [CP] Embed Pods Frameworks */ = {
			isa = PBXShellScriptBuildPhase;
			buildActionMask = 2147483647;
			files = (
			);
			inputFileListPaths = (
				"${PODS_ROOT}/Target Support Files/Pods-CashCow/Pods-CashCow-frameworks-${CONFIGURATION}-input-files.xcfilelist",
			);
			name = "[CP] Embed Pods Frameworks";
			outputFileListPaths = (
				"${PODS_ROOT}/Target Support Files/Pods-CashCow/Pods-CashCow-frameworks-${CONFIGURATION}-output-files.xcfilelist",
			);
			runOnlyForDeploymentPostprocessing = 0;
			shellPath = /bin/sh;
			shellScript = "\"${PODS_ROOT}/Target Support Files/Pods-CashCow/Pods-CashCow-frameworks.sh\"\n";
			showEnvVarsInLog = 0;
		};
		6441AA937E0DC92E54C24752 /* [CP] Check Pods Manifest.lock */ = {
			isa = PBXShellScriptBuildPhase;
			buildActionMask = 2147483647;
			files = (
			);
			inputFileListPaths = (
			);
			inputPaths = (
				"${PODS_PODFILE_DIR_PATH}/Podfile.lock",
				"${PODS_ROOT}/Manifest.lock",
			);
			name = "[CP] Check Pods Manifest.lock";
			outputFileListPaths = (
			);
			outputPaths = (
				"$(DERIVED_FILE_DIR)/Pods-CashCow-checkManifestLockResult.txt",
			);
			runOnlyForDeploymentPostprocessing = 0;
			shellPath = /bin/sh;
			shellScript = "diff \"${PODS_PODFILE_DIR_PATH}/Podfile.lock\" \"${PODS_ROOT}/Manifest.lock\" > /dev/null\nif [ $? != 0 ] ; then\n    # print error to STDERR\n    echo \"error: The sandbox is not in sync with the Podfile.lock. Run 'pod install' or update your CocoaPods installation.\" >&2\n    exit 1\nfi\n# This output is used by Xcode 'outputs' to avoid re-running this script phase.\necho \"SUCCESS\" > \"${SCRIPT_OUTPUT_FILE_0}\"\n";
			showEnvVarsInLog = 0;
		};
		9220531A4BEBF1B909EE66BB /* [CP] Copy Pods Resources */ = {
			isa = PBXShellScriptBuildPhase;
			buildActionMask = 2147483647;
			files = (
			);
			inputFileListPaths = (
				"${PODS_ROOT}/Target Support Files/Pods-CashCow/Pods-CashCow-resources-${CONFIGURATION}-input-files.xcfilelist",
			);
			name = "[CP] Copy Pods Resources";
			outputFileListPaths = (
				"${PODS_ROOT}/Target Support Files/Pods-CashCow/Pods-CashCow-resources-${CONFIGURATION}-output-files.xcfilelist",
			);
			runOnlyForDeploymentPostprocessing = 0;
			shellPath = /bin/sh;
			shellScript = "\"${PODS_ROOT}/Target Support Files/Pods-CashCow/Pods-CashCow-resources.sh\"\n";
			showEnvVarsInLog = 0;
		};
/* End PBXShellScriptBuildPhase section */

/* Begin PBXSourcesBuildPhase section */
		63CCBFC825D9DC9F00AA3A36 /* Sources */ = {
			isa = PBXSourcesBuildPhase;
			buildActionMask = 2147483647;
			files = (
				63FEFCAA25F6FB50008A0BE4 /* UpgradeCell.swift in Sources */,
				C91B8AD525FFF34F0028F67C /* InfoPopupViewController.swift in Sources */,
				6310577E25DCC0BC00D2EF96 /* LoginViewController.swift in Sources */,
				C978EFDF25E31AC10015530B /* UpgradesViewController.swift in Sources */,
				E559C40D25ED98BD0001CB88 /* Upgrades.swift in Sources */,
				63CAA81925E615A800BC3AEE /* User.swift in Sources */,
				63CCBFD025D9DC9F00AA3A36 /* AppDelegate.swift in Sources */,
				E559C3C125DDF6470001CB88 /* GradientOrientation.swift in Sources */,
				6345E95925FFE10200839A27 /* Decision.swift in Sources */,
				E559C3C725DDF7250001CB88 /* GradientProgressView.swift in Sources */,
				E0A9C1B425E5B688006367EC /* CashMooooney.swift in Sources */,
				63CCBFD225D9DC9F00AA3A36 /* SceneDelegate.swift in Sources */,
				C978EFE225E31B6D0015530B /* ProfileViewController.swift in Sources */,
				C97CE5A525DD981F002CBCDE /* ClickerViewController.swift in Sources */,
				63077D3D25F462DB00A53DE6 /* StocksViewController.swift in Sources */,
				E0CF7D9925EE49DA00EF1D1C /* CoinAnims.swift in Sources */,
				63DECA7525F9157D00FEFEE9 /* PopUpViewController.swift in Sources */,
				63FEFCAF25F6FCD5008A0BE4 /* StockCell.swift in Sources */,
				C97CE5A125DD9153002CBCDE /* HomeViewController.swift in Sources */,
				E559C3C425DDF6850001CB88 /* Extensions.swift in Sources */,
			);
			runOnlyForDeploymentPostprocessing = 0;
		};
/* End PBXSourcesBuildPhase section */

/* Begin PBXVariantGroup section */
		63CCBFD525D9DC9F00AA3A36 /* Main.storyboard */ = {
			isa = PBXVariantGroup;
			children = (
				63CCBFD625D9DC9F00AA3A36 /* Base */,
			);
			name = Main.storyboard;
			sourceTree = "<group>";
		};
		63CCBFDA25D9DCA300AA3A36 /* LaunchScreen.storyboard */ = {
			isa = PBXVariantGroup;
			children = (
				63CCBFDB25D9DCA300AA3A36 /* Base */,
			);
			name = LaunchScreen.storyboard;
			sourceTree = "<group>";
		};
/* End PBXVariantGroup section */

/* Begin XCBuildConfiguration section */
		63CCBFDE25D9DCA300AA3A36 /* Debug */ = {
			isa = XCBuildConfiguration;
			buildSettings = {
				ALWAYS_SEARCH_USER_PATHS = NO;
				CLANG_ANALYZER_NONNULL = YES;
				CLANG_ANALYZER_NUMBER_OBJECT_CONVERSION = YES_AGGRESSIVE;
				CLANG_CXX_LANGUAGE_STANDARD = "gnu++14";
				CLANG_CXX_LIBRARY = "libc++";
				CLANG_ENABLE_MODULES = YES;
				CLANG_ENABLE_OBJC_ARC = YES;
				CLANG_ENABLE_OBJC_WEAK = YES;
				CLANG_WARN_BLOCK_CAPTURE_AUTORELEASING = YES;
				CLANG_WARN_BOOL_CONVERSION = YES;
				CLANG_WARN_COMMA = YES;
				CLANG_WARN_CONSTANT_CONVERSION = YES;
				CLANG_WARN_DEPRECATED_OBJC_IMPLEMENTATIONS = YES;
				CLANG_WARN_DIRECT_OBJC_ISA_USAGE = YES_ERROR;
				CLANG_WARN_DOCUMENTATION_COMMENTS = YES;
				CLANG_WARN_EMPTY_BODY = YES;
				CLANG_WARN_ENUM_CONVERSION = YES;
				CLANG_WARN_INFINITE_RECURSION = YES;
				CLANG_WARN_INT_CONVERSION = YES;
				CLANG_WARN_NON_LITERAL_NULL_CONVERSION = YES;
				CLANG_WARN_OBJC_IMPLICIT_RETAIN_SELF = YES;
				CLANG_WARN_OBJC_LITERAL_CONVERSION = YES;
				CLANG_WARN_OBJC_ROOT_CLASS = YES_ERROR;
				CLANG_WARN_QUOTED_INCLUDE_IN_FRAMEWORK_HEADER = YES;
				CLANG_WARN_RANGE_LOOP_ANALYSIS = YES;
				CLANG_WARN_STRICT_PROTOTYPES = YES;
				CLANG_WARN_SUSPICIOUS_MOVE = YES;
				CLANG_WARN_UNGUARDED_AVAILABILITY = YES_AGGRESSIVE;
				CLANG_WARN_UNREACHABLE_CODE = YES;
				CLANG_WARN__DUPLICATE_METHOD_MATCH = YES;
				COPY_PHASE_STRIP = NO;
				DEBUG_INFORMATION_FORMAT = dwarf;
				ENABLE_STRICT_OBJC_MSGSEND = YES;
				ENABLE_TESTABILITY = YES;
				"EXCLUDED_ARCHS[sdk=iphonesimulator*]" = arm64;
				GCC_C_LANGUAGE_STANDARD = gnu11;
				GCC_DYNAMIC_NO_PIC = NO;
				GCC_NO_COMMON_BLOCKS = YES;
				GCC_OPTIMIZATION_LEVEL = 0;
				GCC_PREPROCESSOR_DEFINITIONS = (
					"DEBUG=1",
					"$(inherited)",
				);
				GCC_WARN_64_TO_32_BIT_CONVERSION = YES;
				GCC_WARN_ABOUT_RETURN_TYPE = YES_ERROR;
				GCC_WARN_UNDECLARED_SELECTOR = YES;
				GCC_WARN_UNINITIALIZED_AUTOS = YES_AGGRESSIVE;
				GCC_WARN_UNUSED_FUNCTION = YES;
				GCC_WARN_UNUSED_VARIABLE = YES;
				IPHONEOS_DEPLOYMENT_TARGET = 14.3;
				MTL_ENABLE_DEBUG_INFO = INCLUDE_SOURCE;
				MTL_FAST_MATH = YES;
				ONLY_ACTIVE_ARCH = YES;
				SDKROOT = iphoneos;
				SWIFT_ACTIVE_COMPILATION_CONDITIONS = DEBUG;
				SWIFT_OPTIMIZATION_LEVEL = "-Onone";
			};
			name = Debug;
		};
		63CCBFDF25D9DCA300AA3A36 /* Release */ = {
			isa = XCBuildConfiguration;
			buildSettings = {
				ALWAYS_SEARCH_USER_PATHS = NO;
				CLANG_ANALYZER_NONNULL = YES;
				CLANG_ANALYZER_NUMBER_OBJECT_CONVERSION = YES_AGGRESSIVE;
				CLANG_CXX_LANGUAGE_STANDARD = "gnu++14";
				CLANG_CXX_LIBRARY = "libc++";
				CLANG_ENABLE_MODULES = YES;
				CLANG_ENABLE_OBJC_ARC = YES;
				CLANG_ENABLE_OBJC_WEAK = YES;
				CLANG_WARN_BLOCK_CAPTURE_AUTORELEASING = YES;
				CLANG_WARN_BOOL_CONVERSION = YES;
				CLANG_WARN_COMMA = YES;
				CLANG_WARN_CONSTANT_CONVERSION = YES;
				CLANG_WARN_DEPRECATED_OBJC_IMPLEMENTATIONS = YES;
				CLANG_WARN_DIRECT_OBJC_ISA_USAGE = YES_ERROR;
				CLANG_WARN_DOCUMENTATION_COMMENTS = YES;
				CLANG_WARN_EMPTY_BODY = YES;
				CLANG_WARN_ENUM_CONVERSION = YES;
				CLANG_WARN_INFINITE_RECURSION = YES;
				CLANG_WARN_INT_CONVERSION = YES;
				CLANG_WARN_NON_LITERAL_NULL_CONVERSION = YES;
				CLANG_WARN_OBJC_IMPLICIT_RETAIN_SELF = YES;
				CLANG_WARN_OBJC_LITERAL_CONVERSION = YES;
				CLANG_WARN_OBJC_ROOT_CLASS = YES_ERROR;
				CLANG_WARN_QUOTED_INCLUDE_IN_FRAMEWORK_HEADER = YES;
				CLANG_WARN_RANGE_LOOP_ANALYSIS = YES;
				CLANG_WARN_STRICT_PROTOTYPES = YES;
				CLANG_WARN_SUSPICIOUS_MOVE = YES;
				CLANG_WARN_UNGUARDED_AVAILABILITY = YES_AGGRESSIVE;
				CLANG_WARN_UNREACHABLE_CODE = YES;
				CLANG_WARN__DUPLICATE_METHOD_MATCH = YES;
				COPY_PHASE_STRIP = NO;
				DEBUG_INFORMATION_FORMAT = "dwarf-with-dsym";
				ENABLE_NS_ASSERTIONS = NO;
				ENABLE_STRICT_OBJC_MSGSEND = YES;
				"EXCLUDED_ARCHS[sdk=iphonesimulator*]" = arm64;
				GCC_C_LANGUAGE_STANDARD = gnu11;
				GCC_NO_COMMON_BLOCKS = YES;
				GCC_WARN_64_TO_32_BIT_CONVERSION = YES;
				GCC_WARN_ABOUT_RETURN_TYPE = YES_ERROR;
				GCC_WARN_UNDECLARED_SELECTOR = YES;
				GCC_WARN_UNINITIALIZED_AUTOS = YES_AGGRESSIVE;
				GCC_WARN_UNUSED_FUNCTION = YES;
				GCC_WARN_UNUSED_VARIABLE = YES;
				IPHONEOS_DEPLOYMENT_TARGET = 14.3;
				MTL_ENABLE_DEBUG_INFO = NO;
				MTL_FAST_MATH = YES;
				SDKROOT = iphoneos;
				SWIFT_COMPILATION_MODE = wholemodule;
				SWIFT_OPTIMIZATION_LEVEL = "-O";
				VALIDATE_PRODUCT = YES;
			};
			name = Release;
		};
		63CCBFE125D9DCA300AA3A36 /* Debug */ = {
			isa = XCBuildConfiguration;
			baseConfigurationReference = A72387558186A579001E9A56 /* Pods-CashCow.debug.xcconfig */;
			buildSettings = {
				ASSETCATALOG_COMPILER_APPICON_NAME = AppIcon;
				ASSETCATALOG_COMPILER_GLOBAL_ACCENT_COLOR_NAME = AccentColor;
				CODE_SIGN_STYLE = Automatic;
				DEVELOPMENT_TEAM = 7V294662GT;
				"EXCLUDED_ARCHS[sdk=iphonesimulator*]" = arm64;
				FRAMEWORK_SEARCH_PATHS = (
					"$(inherited)",
					"\"${PODS_CONFIGURATION_BUILD_DIR}/AppAuth\"",
					"\"${PODS_CONFIGURATION_BUILD_DIR}/EasySocialButton\"",
					"\"${PODS_CONFIGURATION_BUILD_DIR}/FBSDKCoreKit\"",
					"\"${PODS_CONFIGURATION_BUILD_DIR}/FBSDKLoginKit\"",
					"\"${PODS_CONFIGURATION_BUILD_DIR}/FirebaseAuth\"",
					"\"${PODS_CONFIGURATION_BUILD_DIR}/FirebaseCore\"",
					"\"${PODS_CONFIGURATION_BUILD_DIR}/FirebaseCoreDiagnostics\"",
					"\"${PODS_CONFIGURATION_BUILD_DIR}/FirebaseInstallations\"",
					"\"${PODS_CONFIGURATION_BUILD_DIR}/FontAwesome.swift\"",
					"\"${PODS_CONFIGURATION_BUILD_DIR}/GTMAppAuth\"",
					"\"${PODS_CONFIGURATION_BUILD_DIR}/GTMSessionFetcher\"",
					"\"${PODS_CONFIGURATION_BUILD_DIR}/GoogleDataTransport\"",
					"\"${PODS_CONFIGURATION_BUILD_DIR}/GoogleUtilities\"",
					"\"${PODS_CONFIGURATION_BUILD_DIR}/Hero\"",
					"\"${PODS_CONFIGURATION_BUILD_DIR}/PromisesObjC\"",
					"\"${PODS_CONFIGURATION_BUILD_DIR}/Spring\"",
					"\"${PODS_CONFIGURATION_BUILD_DIR}/nanopb\"",
					"\"${PODS_ROOT}/FirebaseAnalytics/Frameworks\"",
					"\"${PODS_ROOT}/GoogleAppMeasurement/Frameworks\"",
					"\"${PODS_ROOT}/GoogleSignIn/Frameworks\"",
					"\"${PODS_XCFRAMEWORKS_BUILD_DIR}/FirebaseAnalytics\"",
					"\"${PODS_XCFRAMEWORKS_BUILD_DIR}/GoogleAppMeasurement\"",
				);
				INFOPLIST_FILE = CashCow/Info.plist;
				LD_RUNPATH_SEARCH_PATHS = (
					"$(inherited)",
					"@executable_path/Frameworks",
				);
				PRODUCT_BUNDLE_IDENTIFIER = main.CashCow;
				PRODUCT_NAME = "$(TARGET_NAME)";
				SWIFT_VERSION = 5.0;
				TARGETED_DEVICE_FAMILY = 1;
			};
			name = Debug;
		};
		63CCBFE225D9DCA300AA3A36 /* Release */ = {
			isa = XCBuildConfiguration;
			baseConfigurationReference = A129A5F6D0882622A726EAC5 /* Pods-CashCow.release.xcconfig */;
			buildSettings = {
				ASSETCATALOG_COMPILER_APPICON_NAME = AppIcon;
				ASSETCATALOG_COMPILER_GLOBAL_ACCENT_COLOR_NAME = AccentColor;
				CODE_SIGN_STYLE = Automatic;
				DEVELOPMENT_TEAM = 7V294662GT;
				"EXCLUDED_ARCHS[sdk=iphonesimulator*]" = arm64;
				FRAMEWORK_SEARCH_PATHS = (
					"$(inherited)",
					"\"${PODS_CONFIGURATION_BUILD_DIR}/AppAuth\"",
					"\"${PODS_CONFIGURATION_BUILD_DIR}/EasySocialButton\"",
					"\"${PODS_CONFIGURATION_BUILD_DIR}/FBSDKCoreKit\"",
					"\"${PODS_CONFIGURATION_BUILD_DIR}/FBSDKLoginKit\"",
					"\"${PODS_CONFIGURATION_BUILD_DIR}/FirebaseAuth\"",
					"\"${PODS_CONFIGURATION_BUILD_DIR}/FirebaseCore\"",
					"\"${PODS_CONFIGURATION_BUILD_DIR}/FirebaseCoreDiagnostics\"",
					"\"${PODS_CONFIGURATION_BUILD_DIR}/FirebaseInstallations\"",
					"\"${PODS_CONFIGURATION_BUILD_DIR}/FontAwesome.swift\"",
					"\"${PODS_CONFIGURATION_BUILD_DIR}/GTMAppAuth\"",
					"\"${PODS_CONFIGURATION_BUILD_DIR}/GTMSessionFetcher\"",
					"\"${PODS_CONFIGURATION_BUILD_DIR}/GoogleDataTransport\"",
					"\"${PODS_CONFIGURATION_BUILD_DIR}/GoogleUtilities\"",
					"\"${PODS_CONFIGURATION_BUILD_DIR}/Hero\"",
					"\"${PODS_CONFIGURATION_BUILD_DIR}/PromisesObjC\"",
					"\"${PODS_CONFIGURATION_BUILD_DIR}/Spring\"",
					"\"${PODS_CONFIGURATION_BUILD_DIR}/nanopb\"",
					"\"${PODS_ROOT}/FirebaseAnalytics/Frameworks\"",
					"\"${PODS_ROOT}/GoogleAppMeasurement/Frameworks\"",
					"\"${PODS_ROOT}/GoogleSignIn/Frameworks\"",
					"\"${PODS_XCFRAMEWORKS_BUILD_DIR}/FirebaseAnalytics\"",
					"\"${PODS_XCFRAMEWORKS_BUILD_DIR}/GoogleAppMeasurement\"",
				);
				INFOPLIST_FILE = CashCow/Info.plist;
				LD_RUNPATH_SEARCH_PATHS = (
					"$(inherited)",
					"@executable_path/Frameworks",
				);
				PRODUCT_BUNDLE_IDENTIFIER = main.CashCow;
				PRODUCT_NAME = "$(TARGET_NAME)";
				SWIFT_VERSION = 5.0;
				TARGETED_DEVICE_FAMILY = 1;
			};
			name = Release;
		};
/* End XCBuildConfiguration section */

/* Begin XCConfigurationList section */
		63CCBFC725D9DC9F00AA3A36 /* Build configuration list for PBXProject "CashCow" */ = {
			isa = XCConfigurationList;
			buildConfigurations = (
				63CCBFDE25D9DCA300AA3A36 /* Debug */,
				63CCBFDF25D9DCA300AA3A36 /* Release */,
			);
			defaultConfigurationIsVisible = 0;
			defaultConfigurationName = Release;
		};
		63CCBFE025D9DCA300AA3A36 /* Build configuration list for PBXNativeTarget "CashCow" */ = {
			isa = XCConfigurationList;
			buildConfigurations = (
				63CCBFE125D9DCA300AA3A36 /* Debug */,
				63CCBFE225D9DCA300AA3A36 /* Release */,
			);
			defaultConfigurationIsVisible = 0;
			defaultConfigurationName = Release;
		};
/* End XCConfigurationList section */
	};
	rootObject = 63CCBFC425D9DC9F00AA3A36 /* Project object */;
}
